
Microsoft Visual Studio Solution File, Format Version 12.00
# Visual Studio Version 17
VisualStudioVersion = 17.8.34330.188
MinimumVisualStudioVersion = 10.0.40219.1
Project("{FAE04EC0-301F-11D3-BF4B-00C04F79EFBC}") = "OopLab03", "OopLab03.csproj", "{0ABE7C9A-806E-4422-8343-A0A90EC17720}"
EndProject
Global
	GlobalSection(SolutionConfigurationPlatforms) = preSolution
		Debug|Any CPU = Debug|Any CPU
		Release|Any CPU = Release|Any CPU
	EndGlobalSection
	GlobalSection(ProjectConfigurationPlatforms) = postSolution
		{0ABE7C9A-806E-4422-8343-A0A90EC17720}.Debug|Any CPU.ActiveCfg = Debug|Any CPU
		{0ABE7C9A-806E-4422-8343-A0A90EC17720}.Debug|Any CPU.Build.0 = Debug|Any CPU
		{0ABE7C9A-806E-4422-8343-A0A90EC17720}.Release|Any CPU.ActiveCfg = Release|Any CPU
		{0ABE7C9A-806E-4422-8343-A0A90EC17720}.Release|Any CPU.Build.0 = Release|Any CPU
	EndGlobalSection
	GlobalSection(SolutionProperties) = preSolution
		HideSolutionNode = FALSE
	EndGlobalSection
	GlobalSection(ExtensibilityGlobals) = postSolution
		SolutionGuid = {260CCB8C-879F-47DD-B233-A21AB72AD2EA}
	EndGlobalSection
EndGlobal
